
Microsoft Visual Studio Solution File, Format Version 12.00
# Visual Studio Version 17
VisualStudioVersion = 17.8.34511.84
MinimumVisualStudioVersion = 10.0.40219.1
Project("{FAE04EC0-301F-11D3-BF4B-00C04F79EFBC}") = "LeagueSpectator", "LeagueSpectator\LeagueSpectator.csproj", "{22B935F1-9786-4F34-85D9-AB1C76D68C32}"
EndProject
Global
	GlobalSection(SolutionConfigurationPlatforms) = preSolution
		Debug|Any CPU = Debug|Any CPU
		Release|Any CPU = Release|Any CPU
	EndGlobalSection
	GlobalSection(ProjectConfigurationPlatforms) = postSolution
		{22B935F1-9786-4F34-85D9-AB1C76D68C32}.Debug|Any CPU.ActiveCfg = Debug|Any CPU
		{22B935F1-9786-4F34-85D9-AB1C76D68C32}.Debug|Any CPU.Build.0 = Debug|Any CPU
		{22B935F1-9786-4F34-85D9-AB1C76D68C32}.Release|Any CPU.ActiveCfg = Release|Any CPU
		{22B935F1-9786-4F34-85D9-AB1C76D68C32}.Release|Any CPU.Build.0 = Release|Any CPU
	EndGlobalSection
	GlobalSection(SolutionProperties) = preSolution
		HideSolutionNode = FALSE
	EndGlobalSection
	GlobalSection(ExtensibilityGlobals) = postSolution
		SolutionGuid = {BC1E7F99-4E78-41AB-A7BC-5B13BFBC95AF}
	EndGlobalSection
EndGlobal
